
Microsoft Visual Studio Solution File, Format Version 12.00
# Visual Studio 15
Project("{FAE04EC0-301F-11D3-BF4B-00C04F79EFBC}") = "VIP", "VIP.csproj", "{AF32F8AA-9A22-775B-535F-F626D3F6F16E}"
EndProject
Project("{FAE04EC0-301F-11D3-BF4B-00C04F79EFBC}") = "VIP.Editor", "VIP.Editor.csproj", "{EE62B101-5D31-F3C1-DD9A-D3724ECFED69}"
EndProject
Global
	GlobalSection(SolutionConfigurationPlatforms) = preSolution
		Debug|Any CPU = Debug|Any CPU
		Release|Any CPU = Release|Any CPU
	EndGlobalSection
	GlobalSection(ProjectConfigurationPlatforms) = postSolution
		{AF32F8AA-9A22-775B-535F-F626D3F6F16E}.Debug|Any CPU.ActiveCfg = Debug|Any CPU
		{AF32F8AA-9A22-775B-535F-F626D3F6F16E}.Debug|Any CPU.Build.0 = Debug|Any CPU
		{AF32F8AA-9A22-775B-535F-F626D3F6F16E}.Release|Any CPU.ActiveCfg = Release|Any CPU
		{AF32F8AA-9A22-775B-535F-F626D3F6F16E}.Release|Any CPU.Build.0 = Release|Any CPU
		{EE62B101-5D31-F3C1-DD9A-D3724ECFED69}.Debug|Any CPU.ActiveCfg = Debug|Any CPU
		{EE62B101-5D31-F3C1-DD9A-D3724ECFED69}.Debug|Any CPU.Build.0 = Debug|Any CPU
		{EE62B101-5D31-F3C1-DD9A-D3724ECFED69}.Release|Any CPU.ActiveCfg = Release|Any CPU
		{EE62B101-5D31-F3C1-DD9A-D3724ECFED69}.Release|Any CPU.Build.0 = Release|Any CPU
	EndGlobalSection
	GlobalSection(SolutionProperties) = preSolution
		HideSolutionNode = FALSE
	EndGlobalSection
EndGlobal
