
Microsoft Visual Studio Solution File, Format Version 11.00
# Visual Studio 2010
Project("{FAE04EC0-301F-11D3-BF4B-00C04F79EFBC}") = "VIP", "Assembly-CSharp.csproj", "{2BC5695D-9DE1-CDA8-0CFD-0F7636515C24}"
EndProject
Project("{FAE04EC0-301F-11D3-BF4B-00C04F79EFBC}") = "VIP", "Assembly-CSharp-Editor.csproj", "{EB053F49-B485-986E-5F17-DE24736A0703}"
EndProject
Global
	GlobalSection(SolutionConfigurationPlatforms) = preSolution
		Debug|Any CPU = Debug|Any CPU
		Release|Any CPU = Release|Any CPU
	EndGlobalSection
	GlobalSection(ProjectConfigurationPlatforms) = postSolution
		{2BC5695D-9DE1-CDA8-0CFD-0F7636515C24}.Debug|Any CPU.ActiveCfg = Debug|Any CPU
		{2BC5695D-9DE1-CDA8-0CFD-0F7636515C24}.Debug|Any CPU.Build.0 = Debug|Any CPU
		{2BC5695D-9DE1-CDA8-0CFD-0F7636515C24}.Release|Any CPU.ActiveCfg = Release|Any CPU
		{2BC5695D-9DE1-CDA8-0CFD-0F7636515C24}.Release|Any CPU.Build.0 = Release|Any CPU
		{EB053F49-B485-986E-5F17-DE24736A0703}.Debug|Any CPU.ActiveCfg = Debug|Any CPU
		{EB053F49-B485-986E-5F17-DE24736A0703}.Debug|Any CPU.Build.0 = Debug|Any CPU
		{EB053F49-B485-986E-5F17-DE24736A0703}.Release|Any CPU.ActiveCfg = Release|Any CPU
		{EB053F49-B485-986E-5F17-DE24736A0703}.Release|Any CPU.Build.0 = Release|Any CPU
	EndGlobalSection
	GlobalSection(SolutionProperties) = preSolution
		HideSolutionNode = FALSE
	EndGlobalSection
	GlobalSection(MonoDevelopProperties) = preSolution
		StartupItem = Assembly-CSharp.csproj
	EndGlobalSection
EndGlobal
