
Microsoft Visual Studio Solution File, Format Version 11.00
# Visual Studio 2010
Project("{FAE04EC0-301F-11D3-BF4B-00C04F79EFBC}") = "RoutePlanner", "Assembly-CSharp.csproj", "{8E3F36DC-CD02-B303-AABA-13A4D022D762}"
EndProject
Project("{FAE04EC0-301F-11D3-BF4B-00C04F79EFBC}") = "RoutePlanner", "Assembly-CSharp-Editor.csproj", "{9E403314-FA6A-775F-A3D5-88A10B498F3F}"
EndProject
Global
	GlobalSection(SolutionConfigurationPlatforms) = preSolution
		Debug|Any CPU = Debug|Any CPU
		Release|Any CPU = Release|Any CPU
	EndGlobalSection
	GlobalSection(ProjectConfigurationPlatforms) = postSolution
		{8E3F36DC-CD02-B303-AABA-13A4D022D762}.Debug|Any CPU.ActiveCfg = Debug|Any CPU
		{8E3F36DC-CD02-B303-AABA-13A4D022D762}.Debug|Any CPU.Build.0 = Debug|Any CPU
		{8E3F36DC-CD02-B303-AABA-13A4D022D762}.Release|Any CPU.ActiveCfg = Release|Any CPU
		{8E3F36DC-CD02-B303-AABA-13A4D022D762}.Release|Any CPU.Build.0 = Release|Any CPU
		{9E403314-FA6A-775F-A3D5-88A10B498F3F}.Debug|Any CPU.ActiveCfg = Debug|Any CPU
		{9E403314-FA6A-775F-A3D5-88A10B498F3F}.Debug|Any CPU.Build.0 = Debug|Any CPU
		{9E403314-FA6A-775F-A3D5-88A10B498F3F}.Release|Any CPU.ActiveCfg = Release|Any CPU
		{9E403314-FA6A-775F-A3D5-88A10B498F3F}.Release|Any CPU.Build.0 = Release|Any CPU
	EndGlobalSection
	GlobalSection(SolutionProperties) = preSolution
		HideSolutionNode = FALSE
	EndGlobalSection
	GlobalSection(MonoDevelopProperties) = preSolution
		StartupItem = Assembly-CSharp.csproj
	EndGlobalSection
EndGlobal
